Microsoft Visual Studio Solution File, Format Version 12.00
# Visual Studio Version 17
VisualStudioVersion = 17.5.2.0
MinimumVisualStudioVersion = 10.0.40219.1
Project("{FAE04EC0-301F-11D3-BF4B-00C04F79EFBC}") = "HundirLaFlota", "HundirLaFlota.csproj", "{8EF3578C-1CFB-798C-6F9E-59A4BAAD65EA}"
EndProject
Global
	GlobalSection(SolutionConfigurationPlatforms) = preSolution
		Debug|Any CPU = Debug|Any CPU
		Release|Any CPU = Release|Any CPU
	EndGlobalSection
	GlobalSection(ProjectConfigurationPlatforms) = postSolution
		{8EF3578C-1CFB-798C-6F9E-59A4BAAD65EA}.Debug|Any CPU.ActiveCfg = Debug|Any CPU
		{8EF3578C-1CFB-798C-6F9E-59A4BAAD65EA}.Debug|Any CPU.Build.0 = Debug|Any CPU
		{8EF3578C-1CFB-798C-6F9E-59A4BAAD65EA}.Release|Any CPU.ActiveCfg = Release|Any CPU
		{8EF3578C-1CFB-798C-6F9E-59A4BAAD65EA}.Release|Any CPU.Build.0 = Release|Any CPU
	EndGlobalSection
	GlobalSection(SolutionProperties) = preSolution
		HideSolutionNode = FALSE
	EndGlobalSection
	GlobalSection(ExtensibilityGlobals) = postSolution
		SolutionGuid = {85CB0E18-DA6A-4728-858E-9AF3B2479550}
	EndGlobalSection
EndGlobal
